{
  "pins" : [
    {
      "identity" : "swift-crypto",
      "kind" : "remoteSourceControl",
      "location" : "https://github.com/apple/swift-crypto.git",
      "state" : {
        "revision" : "629f0b679d0fd0a6ae823d7f750b9ab032c00b80",
        "version" : "3.0.0"
      }
    }
  ],
  "version" : 2
}
